
Microsoft Visual Studio Solution File, Format Version 12.00
# Visual Studio Version 17
VisualStudioVersion = 17.10.35013.160
MinimumVisualStudioVersion = 10.0.40219.1
Project("{FAE04EC0-301F-11D3-BF4B-00C04F79EFBC}") = "PlantAPI", "PlantAPI\PlantAPI.csproj", "{5F7D5DB8-E873-4EF5-B9B9-D7FDFFFD169A}"
EndProject
Global
	GlobalSection(SolutionConfigurationPlatforms) = preSolution
		Debug|Any CPU = Debug|Any CPU
		Release|Any CPU = Release|Any CPU
	EndGlobalSection
	GlobalSection(ProjectConfigurationPlatforms) = postSolution
		{5F7D5DB8-E873-4EF5-B9B9-D7FDFFFD169A}.Debug|Any CPU.ActiveCfg = Debug|Any CPU
		{5F7D5DB8-E873-4EF5-B9B9-D7FDFFFD169A}.Debug|Any CPU.Build.0 = Debug|Any CPU
		{5F7D5DB8-E873-4EF5-B9B9-D7FDFFFD169A}.Release|Any CPU.ActiveCfg = Release|Any CPU
		{5F7D5DB8-E873-4EF5-B9B9-D7FDFFFD169A}.Release|Any CPU.Build.0 = Release|Any CPU
	EndGlobalSection
	GlobalSection(SolutionProperties) = preSolution
		HideSolutionNode = FALSE
	EndGlobalSection
	GlobalSection(ExtensibilityGlobals) = postSolution
		SolutionGuid = {B5D65AD2-0CCD-4E19-995A-6E01C0CF9ECB}
	EndGlobalSection
EndGlobal
